// !$*UTF8*$!
{
	archiveVersion = 1;
	classes = {
	};
	objectVersion = 51;
	objects = {

/* Begin PBXBuildFile section */
		39F7AC38533248EC347F25D5 /* Pods_OTVModelTests.framework in Frameworks */ = {isa = PBXBuildFile; fileRef = C34401CEBF4F2BC13434B08C /* Pods_OTVModelTests.framework */; };
		8E26EA8A0043985B73211417 /* Pods_OTVModel_OTVModelUITests.framework in Frameworks */ = {isa = PBXBuildFile; fileRef = B2B7B1972EF05470D66AFDB8 /* Pods_OTVModel_OTVModelUITests.framework */; };
		B07750F5A90BF15990C9B506 /* Pods_OTVModel.framework in Frameworks */ = {isa = PBXBuildFile; fileRef = BD1260C42DE1AD3EB48D5620 /* Pods_OTVModel.framework */; };
		F60266DF24B7DA8F00132BF2 /* TestRepository.swift in Sources */ = {isa = PBXBuildFile; fileRef = F60266DE24B7DA8F00132BF2 /* TestRepository.swift */; };
		F60266E024B7DA8F00132BF2 /* TestRepository.swift in Sources */ = {isa = PBXBuildFile; fileRef = F60266DE24B7DA8F00132BF2 /* TestRepository.swift */; };
		F60266E124B7DA8F00132BF2 /* TestRepository.swift in Sources */ = {isa = PBXBuildFile; fileRef = F60266DE24B7DA8F00132BF2 /* TestRepository.swift */; };
		F60266E324B7DB3D00132BF2 /* TestTask.swift in Sources */ = {isa = PBXBuildFile; fileRef = F60266E224B7DB3D00132BF2 /* TestTask.swift */; };
		F60266E424B7DB3D00132BF2 /* TestTask.swift in Sources */ = {isa = PBXBuildFile; fileRef = F60266E224B7DB3D00132BF2 /* TestTask.swift */; };
		F60266E524B7DB3D00132BF2 /* TestTask.swift in Sources */ = {isa = PBXBuildFile; fileRef = F60266E224B7DB3D00132BF2 /* TestTask.swift */; };
		F649BA9D24AFBD5C00C3E1E9 /* YoutubeChannel.swift in Sources */ = {isa = PBXBuildFile; fileRef = F649BA9C24AFBD5C00C3E1E9 /* YoutubeChannel.swift */; };
		F649BA9F24AFC61C00C3E1E9 /* Utility.swift in Sources */ = {isa = PBXBuildFile; fileRef = F649BA9E24AFC61C00C3E1E9 /* Utility.swift */; };
		F66703F824D0AF8200D7E077 /* DatabaseRepository.swift in Sources */ = {isa = PBXBuildFile; fileRef = F66703F724D0AF8200D7E077 /* DatabaseRepository.swift */; };
		F66703FA24D0BD9B00D7E077 /* DatabaseRepositoryTest.swift in Sources */ = {isa = PBXBuildFile; fileRef = F66703F924D0BD9B00D7E077 /* DatabaseRepositoryTest.swift */; };
		F66703FC24D0BDF200D7E077 /* DatabaseRepository.swift in Sources */ = {isa = PBXBuildFile; fileRef = F66703F724D0AF8200D7E077 /* DatabaseRepository.swift */; };
		F66703FD24D0BDF300D7E077 /* DatabaseRepository.swift in Sources */ = {isa = PBXBuildFile; fileRef = F66703F724D0AF8200D7E077 /* DatabaseRepository.swift */; };
		F66703FE24D0C51400D7E077 /* Tweet.swift in Sources */ = {isa = PBXBuildFile; fileRef = F66B436224B5193B00593FCB /* Tweet.swift */; };
		F66703FF24D0C51500D7E077 /* Tweet.swift in Sources */ = {isa = PBXBuildFile; fileRef = F66B436224B5193B00593FCB /* Tweet.swift */; };
		F667040124D0DABC00D7E077 /* TweetTest.swift in Sources */ = {isa = PBXBuildFile; fileRef = F667040024D0DABB00D7E077 /* TweetTest.swift */; };
		F669850524B2C89700B3A813 /* YoutubeChannelTest.swift in Sources */ = {isa = PBXBuildFile; fileRef = F669850424B2C89700B3A813 /* YoutubeChannelTest.swift */; };
		F66B436324B5193B00593FCB /* Tweet.swift in Sources */ = {isa = PBXBuildFile; fileRef = F66B436224B5193B00593FCB /* Tweet.swift */; };
		F66EEF6624BA9365005E92B4 /* Repository.swift in Sources */ = {isa = PBXBuildFile; fileRef = F66EEF6524BA9365005E92B4 /* Repository.swift */; };
		F6C6017324B029F2001CE662 /* UtilityTest.swift in Sources */ = {isa = PBXBuildFile; fileRef = F6C6017224B029F2001CE662 /* UtilityTest.swift */; };
		F6C6017424B02CEC001CE662 /* Utility.swift in Sources */ = {isa = PBXBuildFile; fileRef = F649BA9E24AFC61C00C3E1E9 /* Utility.swift */; };
		F6C6017524B02CEF001CE662 /* Utility.swift in Sources */ = {isa = PBXBuildFile; fileRef = F649BA9E24AFC61C00C3E1E9 /* Utility.swift */; };
		F6C6017824B02DED001CE662 /* YoutubeChannel.swift in Sources */ = {isa = PBXBuildFile; fileRef = F649BA9C24AFBD5C00C3E1E9 /* YoutubeChannel.swift */; };
		F6C6017924B02DEE001CE662 /* YoutubeChannel.swift in Sources */ = {isa = PBXBuildFile; fileRef = F649BA9C24AFBD5C00C3E1E9 /* YoutubeChannel.swift */; };
		F6C8B7B424D36B4F00DC4FB5 /* DateUtility.swift in Sources */ = {isa = PBXBuildFile; fileRef = F6C8B7B324D36B4F00DC4FB5 /* DateUtility.swift */; };
		F6C8B7B624D36BA800DC4FB5 /* DateUtility.swift in Sources */ = {isa = PBXBuildFile; fileRef = F6C8B7B324D36B4F00DC4FB5 /* DateUtility.swift */; };
		F6C8B7B724D36BA900DC4FB5 /* DateUtility.swift in Sources */ = {isa = PBXBuildFile; fileRef = F6C8B7B324D36B4F00DC4FB5 /* DateUtility.swift */; };
		F6F2338224A6BB05003566E3 /* AppDelegate.swift in Sources */ = {isa = PBXBuildFile; fileRef = F6F2338124A6BB05003566E3 /* AppDelegate.swift */; };
		F6F2338424A6BB05003566E3 /* SceneDelegate.swift in Sources */ = {isa = PBXBuildFile; fileRef = F6F2338324A6BB05003566E3 /* SceneDelegate.swift */; };
		F6F2338624A6BB05003566E3 /* ContentView.swift in Sources */ = {isa = PBXBuildFile; fileRef = F6F2338524A6BB05003566E3 /* ContentView.swift */; };
		F6F2338824A6BB19003566E3 /* Assets.xcassets in Resources */ = {isa = PBXBuildFile; fileRef = F6F2338724A6BB19003566E3 /* Assets.xcassets */; };
		F6F2338B24A6BB19003566E3 /* Preview Assets.xcassets in Resources */ = {isa = PBXBuildFile; fileRef = F6F2338A24A6BB19003566E3 /* Preview Assets.xcassets */; };
		F6F2338E24A6BB19003566E3 /* LaunchScreen.storyboard in Resources */ = {isa = PBXBuildFile; fileRef = F6F2338C24A6BB19003566E3 /* LaunchScreen.storyboard */; };
		F6F2339924A6BB19003566E3 /* OTVModelTests.swift in Sources */ = {isa = PBXBuildFile; fileRef = F6F2339824A6BB19003566E3 /* OTVModelTests.swift */; };
		F6F233A424A6BB19003566E3 /* OTVModelUITests.swift in Sources */ = {isa = PBXBuildFile; fileRef = F6F233A324A6BB19003566E3 /* OTVModelUITests.swift */; };
		F6F233B224A6C4FE003566E3 /* GoogleService-Info.plist in Resources */ = {isa = PBXBuildFile; fileRef = F6F233B124A6C4FD003566E3 /* GoogleService-Info.plist */; };
		F6F233B324A6C4FE003566E3 /* GoogleService-Info.plist in Resources */ = {isa = PBXBuildFile; fileRef = F6F233B124A6C4FD003566E3 /* GoogleService-Info.plist */; };
		F6F233B424A6C4FE003566E3 /* GoogleService-Info.plist in Resources */ = {isa = PBXBuildFile; fileRef = F6F233B124A6C4FD003566E3 /* GoogleService-Info.plist */; };
		F6F233B624A6CAA8003566E3 /* YoutubeVideo.swift in Sources */ = {isa = PBXBuildFile; fileRef = F6F233B524A6CAA8003566E3 /* YoutubeVideo.swift */; };
		F6F233B724A6CAA8003566E3 /* YoutubeVideo.swift in Sources */ = {isa = PBXBuildFile; fileRef = F6F233B524A6CAA8003566E3 /* YoutubeVideo.swift */; };
		F6F233B824A6CAA8003566E3 /* YoutubeVideo.swift in Sources */ = {isa = PBXBuildFile; fileRef = F6F233B524A6CAA8003566E3 /* YoutubeVideo.swift */; };
		F6F233BA24A6DE3C003566E3 /* Keys.swift in Sources */ = {isa = PBXBuildFile; fileRef = F6F233B924A6DE3C003566E3 /* Keys.swift */; };
		F6F233BB24A6DE3C003566E3 /* Keys.swift in Sources */ = {isa = PBXBuildFile; fileRef = F6F233B924A6DE3C003566E3 /* Keys.swift */; };
		F6F233BC24A6DE3C003566E3 /* Keys.swift in Sources */ = {isa = PBXBuildFile; fileRef = F6F233B924A6DE3C003566E3 /* Keys.swift */; };
		F6F233BE24A6F07D003566E3 /* YoutubeVideoTest.swift in Sources */ = {isa = PBXBuildFile; fileRef = F6F233BD24A6F07D003566E3 /* YoutubeVideoTest.swift */; };
/* End PBXBuildFile section */

/* Begin PBXContainerItemProxy section */
		F6F2339524A6BB19003566E3 /* PBXContainerItemProxy */ = {
			isa = PBXContainerItemProxy;
			containerPortal = F6F2337624A6BB05003566E3 /* Project object */;
			proxyType = 1;
			remoteGlobalIDString = F6F2337D24A6BB05003566E3;
			remoteInfo = OTVModel;
		};
		F6F233A024A6BB19003566E3 /* PBXContainerItemProxy */ = {
			isa = PBXContainerItemProxy;
			containerPortal = F6F2337624A6BB05003566E3 /* Project object */;
			proxyType = 1;
			remoteGlobalIDString = F6F2337D24A6BB05003566E3;
			remoteInfo = OTVModel;
		};
/* End PBXContainerItemProxy section */

/* Begin PBXFileReference section */
		33C67681D3A7F9320F8A3DA1 /* Pods-OTVModel-OTVModelUITests.release.xcconfig */ = {isa = PBXFileReference; includeInIndex = 1; lastKnownFileType = text.xcconfig; name = "Pods-OTVModel-OTVModelUITests.release.xcconfig"; path = "Target Support Files/Pods-OTVModel-OTVModelUITests/Pods-OTVModel-OTVModelUITests.release.xcconfig"; sourceTree = "<group>"; };
		418CD5235612013AD081C5D4 /* Pods-OTVModel.release.xcconfig */ = {isa = PBXFileReference; includeInIndex = 1; lastKnownFileType = text.xcconfig; name = "Pods-OTVModel.release.xcconfig"; path = "Target Support Files/Pods-OTVModel/Pods-OTVModel.release.xcconfig"; sourceTree = "<group>"; };
		46AA953D8606059724B037A5 /* Pods-OTVModel.debug.xcconfig */ = {isa = PBXFileReference; includeInIndex = 1; lastKnownFileType = text.xcconfig; name = "Pods-OTVModel.debug.xcconfig"; path = "Target Support Files/Pods-OTVModel/Pods-OTVModel.debug.xcconfig"; sourceTree = "<group>"; };
		7599D058724FC048910FFB07 /* Pods-OTVModel-OTVModelUITests.debug.xcconfig */ = {isa = PBXFileReference; includeInIndex = 1; lastKnownFileType = text.xcconfig; name = "Pods-OTVModel-OTVModelUITests.debug.xcconfig"; path = "Target Support Files/Pods-OTVModel-OTVModelUITests/Pods-OTVModel-OTVModelUITests.debug.xcconfig"; sourceTree = "<group>"; };
		9525BDA06604F5D6D74F25A7 /* Pods-OTVModelTests.debug.xcconfig */ = {isa = PBXFileReference; includeInIndex = 1; lastKnownFileType = text.xcconfig; name = "Pods-OTVModelTests.debug.xcconfig"; path = "Target Support Files/Pods-OTVModelTests/Pods-OTVModelTests.debug.xcconfig"; sourceTree = "<group>"; };
		96587575ED3044BA1496CC1F /* Pods-OTVModelTests.release.xcconfig */ = {isa = PBXFileReference; includeInIndex = 1; lastKnownFileType = text.xcconfig; name = "Pods-OTVModelTests.release.xcconfig"; path = "Target Support Files/Pods-OTVModelTests/Pods-OTVModelTests.release.xcconfig"; sourceTree = "<group>"; };
		B2B7B1972EF05470D66AFDB8 /* Pods_OTVModel_OTVModelUITests.framework */ = {isa = PBXFileReference; explicitFileType = wrapper.framework; includeInIndex = 0; path = Pods_OTVModel_OTVModelUITests.framework; sourceTree = BUILT_PRODUCTS_DIR; };
		BD1260C42DE1AD3EB48D5620 /* Pods_OTVModel.framework */ = {isa = PBXFileReference; explicitFileType = wrapper.framework; includeInIndex = 0; path = Pods_OTVModel.framework; sourceTree = BUILT_PRODUCTS_DIR; };
		C34401CEBF4F2BC13434B08C /* Pods_OTVModelTests.framework */ = {isa = PBXFileReference; explicitFileType = wrapper.framework; includeInIndex = 0; path = Pods_OTVModelTests.framework; sourceTree = BUILT_PRODUCTS_DIR; };
		F60266DE24B7DA8F00132BF2 /* TestRepository.swift */ = {isa = PBXFileReference; fileEncoding = 4; lastKnownFileType = sourcecode.swift; path = TestRepository.swift; sourceTree = "<group>"; };
		F60266E224B7DB3D00132BF2 /* TestTask.swift */ = {isa = PBXFileReference; lastKnownFileType = sourcecode.swift; path = TestTask.swift; sourceTree = "<group>"; };
		F649BA9C24AFBD5C00C3E1E9 /* YoutubeChannel.swift */ = {isa = PBXFileReference; lastKnownFileType = sourcecode.swift; path = YoutubeChannel.swift; sourceTree = "<group>"; };
		F649BA9E24AFC61C00C3E1E9 /* Utility.swift */ = {isa = PBXFileReference; lastKnownFileType = sourcecode.swift; path = Utility.swift; sourceTree = "<group>"; };
		F66703F724D0AF8200D7E077 /* DatabaseRepository.swift */ = {isa = PBXFileReference; lastKnownFileType = sourcecode.swift; path = DatabaseRepository.swift; sourceTree = "<group>"; };
		F66703F924D0BD9B00D7E077 /* DatabaseRepositoryTest.swift */ = {isa = PBXFileReference; lastKnownFileType = sourcecode.swift; path = DatabaseRepositoryTest.swift; sourceTree = "<group>"; };
		F667040024D0DABB00D7E077 /* TweetTest.swift */ = {isa = PBXFileReference; lastKnownFileType = sourcecode.swift; path = TweetTest.swift; sourceTree = "<group>"; };
		F669850424B2C89700B3A813 /* YoutubeChannelTest.swift */ = {isa = PBXFileReference; lastKnownFileType = sourcecode.swift; path = YoutubeChannelTest.swift; sourceTree = "<group>"; };
		F66B436224B5193B00593FCB /* Tweet.swift */ = {isa = PBXFileReference; lastKnownFileType = sourcecode.swift; path = Tweet.swift; sourceTree = "<group>"; };
		F66EEF6524BA9365005E92B4 /* Repository.swift */ = {isa = PBXFileReference; lastKnownFileType = sourcecode.swift; path = Repository.swift; sourceTree = "<group>"; };
		F6C6017224B029F2001CE662 /* UtilityTest.swift */ = {isa = PBXFileReference; lastKnownFileType = sourcecode.swift; path = UtilityTest.swift; sourceTree = "<group>"; };
		F6C8B7B324D36B4F00DC4FB5 /* DateUtility.swift */ = {isa = PBXFileReference; lastKnownFileType = sourcecode.swift; path = DateUtility.swift; sourceTree = "<group>"; };
		F6F2337E24A6BB05003566E3 /* OTVModel.app */ = {isa = PBXFileReference; explicitFileType = wrapper.application; includeInIndex = 0; path = OTVModel.app; sourceTree = BUILT_PRODUCTS_DIR; };
		F6F2338124A6BB05003566E3 /* AppDelegate.swift */ = {isa = PBXFileReference; lastKnownFileType = sourcecode.swift; path = AppDelegate.swift; sourceTree = "<group>"; };
		F6F2338324A6BB05003566E3 /* SceneDelegate.swift */ = {isa = PBXFileReference; lastKnownFileType = sourcecode.swift; path = SceneDelegate.swift; sourceTree = "<group>"; };
		F6F2338524A6BB05003566E3 /* ContentView.swift */ = {isa = PBXFileReference; lastKnownFileType = sourcecode.swift; path = ContentView.swift; sourceTree = "<group>"; };
		F6F2338724A6BB19003566E3 /* Assets.xcassets */ = {isa = PBXFileReference; lastKnownFileType = folder.assetcatalog; path = Assets.xcassets; sourceTree = "<group>"; };
		F6F2338A24A6BB19003566E3 /* Preview Assets.xcassets */ = {isa = PBXFileReference; lastKnownFileType = folder.assetcatalog; path = "Preview Assets.xcassets"; sourceTree = "<group>"; };
		F6F2338D24A6BB19003566E3 /* Base */ = {isa = PBXFileReference; lastKnownFileType = file.storyboard; name = Base; path = Base.lproj/LaunchScreen.storyboard; sourceTree = "<group>"; };
		F6F2338F24A6BB19003566E3 /* Info.plist */ = {isa = PBXFileReference; lastKnownFileType = text.plist.xml; path = Info.plist; sourceTree = "<group>"; };
		F6F2339424A6BB19003566E3 /* OTVModelTests.xctest */ = {isa = PBXFileReference; explicitFileType = wrapper.cfbundle; includeInIndex = 0; path = OTVModelTests.xctest; sourceTree = BUILT_PRODUCTS_DIR; };
		F6F2339824A6BB19003566E3 /* OTVModelTests.swift */ = {isa = PBXFileReference; lastKnownFileType = sourcecode.swift; path = OTVModelTests.swift; sourceTree = "<group>"; };
		F6F2339A24A6BB19003566E3 /* Info.plist */ = {isa = PBXFileReference; lastKnownFileType = text.plist.xml; path = Info.plist; sourceTree = "<group>"; };
		F6F2339F24A6BB19003566E3 /* OTVModelUITests.xctest */ = {isa = PBXFileReference; explicitFileType = wrapper.cfbundle; includeInIndex = 0; path = OTVModelUITests.xctest; sourceTree = BUILT_PRODUCTS_DIR; };
		F6F233A324A6BB19003566E3 /* OTVModelUITests.swift */ = {isa = PBXFileReference; lastKnownFileType = sourcecode.swift; path = OTVModelUITests.swift; sourceTree = "<group>"; };
		F6F233A524A6BB19003566E3 /* Info.plist */ = {isa = PBXFileReference; lastKnownFileType = text.plist.xml; path = Info.plist; sourceTree = "<group>"; };
		F6F233B124A6C4FD003566E3 /* GoogleService-Info.plist */ = {isa = PBXFileReference; lastKnownFileType = text.plist.xml; name = "GoogleService-Info.plist"; path = "OTVModel/GoogleService-Info.plist"; sourceTree = SOURCE_ROOT; };
		F6F233B524A6CAA8003566E3 /* YoutubeVideo.swift */ = {isa = PBXFileReference; lastKnownFileType = sourcecode.swift; path = YoutubeVideo.swift; sourceTree = "<group>"; };
		F6F233B924A6DE3C003566E3 /* Keys.swift */ = {isa = PBXFileReference; lastKnownFileType = sourcecode.swift; path = Keys.swift; sourceTree = "<group>"; };
		F6F233BD24A6F07D003566E3 /* YoutubeVideoTest.swift */ = {isa = PBXFileReference; lastKnownFileType = sourcecode.swift; path = YoutubeVideoTest.swift; sourceTree = "<group>"; };
/* End PBXFileReference section */

/* Begin PBXFrameworksBuildPhase section */
		F6F2337B24A6BB05003566E3 /* Frameworks */ = {
			isa = PBXFrameworksBuildPhase;
			buildActionMask = 2147483647;
			files = (
				B07750F5A90BF15990C9B506 /* Pods_OTVModel.framework in Frameworks */,
			);
			runOnlyForDeploymentPostprocessing = 0;
		};
		F6F2339124A6BB19003566E3 /* Frameworks */ = {
			isa = PBXFrameworksBuildPhase;
			buildActionMask = 2147483647;
			files = (
				39F7AC38533248EC347F25D5 /* Pods_OTVModelTests.framework in Frameworks */,
			);
			runOnlyForDeploymentPostprocessing = 0;
		};
		F6F2339C24A6BB19003566E3 /* Frameworks */ = {
			isa = PBXFrameworksBuildPhase;
			buildActionMask = 2147483647;
			files = (
				8E26EA8A0043985B73211417 /* Pods_OTVModel_OTVModelUITests.framework in Frameworks */,
			);
			runOnlyForDeploymentPostprocessing = 0;
		};
/* End PBXFrameworksBuildPhase section */

/* Begin PBXGroup section */
		61867B5FC71A45E424C4DF99 /* Frameworks */ = {
			isa = PBXGroup;
			children = (
				BD1260C42DE1AD3EB48D5620 /* Pods_OTVModel.framework */,
				B2B7B1972EF05470D66AFDB8 /* Pods_OTVModel_OTVModelUITests.framework */,
				C34401CEBF4F2BC13434B08C /* Pods_OTVModelTests.framework */,
			);
			name = Frameworks;
			sourceTree = "<group>";
		};
		F420EE6D6BF47C3FB7777380 /* Pods */ = {
			isa = PBXGroup;
			children = (
				46AA953D8606059724B037A5 /* Pods-OTVModel.debug.xcconfig */,
				418CD5235612013AD081C5D4 /* Pods-OTVModel.release.xcconfig */,
				7599D058724FC048910FFB07 /* Pods-OTVModel-OTVModelUITests.debug.xcconfig */,
				33C67681D3A7F9320F8A3DA1 /* Pods-OTVModel-OTVModelUITests.release.xcconfig */,
				9525BDA06604F5D6D74F25A7 /* Pods-OTVModelTests.debug.xcconfig */,
				96587575ED3044BA1496CC1F /* Pods-OTVModelTests.release.xcconfig */,
			);
			path = Pods;
			sourceTree = "<group>";
		};
		F60266DC24B7DA0900132BF2 /* Repository */ = {
			isa = PBXGroup;
			children = (
				F60266DE24B7DA8F00132BF2 /* TestRepository.swift */,
				F66703F724D0AF8200D7E077 /* DatabaseRepository.swift */,
			);
			path = Repository;
			sourceTree = "<group>";
		};
		F60266DD24B7DA1D00132BF2 /* Model */ = {
			isa = PBXGroup;
			children = (
				F6F233B524A6CAA8003566E3 /* YoutubeVideo.swift */,
				F6F233B924A6DE3C003566E3 /* Keys.swift */,
				F649BA9C24AFBD5C00C3E1E9 /* YoutubeChannel.swift */,
				F649BA9E24AFC61C00C3E1E9 /* Utility.swift */,
				F66B436224B5193B00593FCB /* Tweet.swift */,
				F60266E224B7DB3D00132BF2 /* TestTask.swift */,
				F6C8B7B324D36B4F00DC4FB5 /* DateUtility.swift */,
			);
			path = Model;
			sourceTree = "<group>";
		};
		F6F2337524A6BB05003566E3 = {
			isa = PBXGroup;
			children = (
				F60266DC24B7DA0900132BF2 /* Repository */,
				F6F2338024A6BB05003566E3 /* OTVModel */,
				F6F2339724A6BB19003566E3 /* OTVModelTests */,
				F6F233A224A6BB19003566E3 /* OTVModelUITests */,
				F6F2337F24A6BB05003566E3 /* Products */,
				F420EE6D6BF47C3FB7777380 /* Pods */,
				61867B5FC71A45E424C4DF99 /* Frameworks */,
			);
			sourceTree = "<group>";
		};
		F6F2337F24A6BB05003566E3 /* Products */ = {
			isa = PBXGroup;
			children = (
				F6F2337E24A6BB05003566E3 /* OTVModel.app */,
				F6F2339424A6BB19003566E3 /* OTVModelTests.xctest */,
				F6F2339F24A6BB19003566E3 /* OTVModelUITests.xctest */,
			);
			name = Products;
			sourceTree = "<group>";
		};
		F6F2338024A6BB05003566E3 /* OTVModel */ = {
			isa = PBXGroup;
			children = (
				F6F233B124A6C4FD003566E3 /* GoogleService-Info.plist */,
				F6F2338124A6BB05003566E3 /* AppDelegate.swift */,
				F6F2338324A6BB05003566E3 /* SceneDelegate.swift */,
				F6F2338524A6BB05003566E3 /* ContentView.swift */,
				F6F2338724A6BB19003566E3 /* Assets.xcassets */,
				F6F2338C24A6BB19003566E3 /* LaunchScreen.storyboard */,
				F6F2338F24A6BB19003566E3 /* Info.plist */,
				F60266DD24B7DA1D00132BF2 /* Model */,
				F6F2338924A6BB19003566E3 /* Preview Content */,
			);
			path = OTVModel;
			sourceTree = "<group>";
		};
		F6F2338924A6BB19003566E3 /* Preview Content */ = {
			isa = PBXGroup;
			children = (
				F6F2338A24A6BB19003566E3 /* Preview Assets.xcassets */,
			);
			path = "Preview Content";
			sourceTree = "<group>";
		};
		F6F2339724A6BB19003566E3 /* OTVModelTests */ = {
			isa = PBXGroup;
			children = (
				F6F2339824A6BB19003566E3 /* OTVModelTests.swift */,
				F6F2339A24A6BB19003566E3 /* Info.plist */,
				F6F233BD24A6F07D003566E3 /* YoutubeVideoTest.swift */,
				F6C6017224B029F2001CE662 /* UtilityTest.swift */,
				F669850424B2C89700B3A813 /* YoutubeChannelTest.swift */,
				F66EEF6524BA9365005E92B4 /* Repository.swift */,
				F66703F924D0BD9B00D7E077 /* DatabaseRepositoryTest.swift */,
				F667040024D0DABB00D7E077 /* TweetTest.swift */,
			);
			path = OTVModelTests;
			sourceTree = "<group>";
		};
		F6F233A224A6BB19003566E3 /* OTVModelUITests */ = {
			isa = PBXGroup;
			children = (
				F6F233A324A6BB19003566E3 /* OTVModelUITests.swift */,
				F6F233A524A6BB19003566E3 /* Info.plist */,
			);
			path = OTVModelUITests;
			sourceTree = "<group>";
		};
/* End PBXGroup section */

/* Begin PBXNativeTarget section */
		F6F2337D24A6BB05003566E3 /* OTVModel */ = {
			isa = PBXNativeTarget;
			buildConfigurationList = F6F233A824A6BB19003566E3 /* Build configuration list for PBXNativeTarget "OTVModel" */;
			buildPhases = (
				7A15F22B69B0AB3EEFC7C3AE /* [CP] Check Pods Manifest.lock */,
				F6F2337A24A6BB05003566E3 /* Sources */,
				F6F2337B24A6BB05003566E3 /* Frameworks */,
				F6F2337C24A6BB05003566E3 /* Resources */,
				01CDB705FABDD0D4052DCB22 /* [CP] Embed Pods Frameworks */,
			);
			buildRules = (
			);
			dependencies = (
			);
			name = OTVModel;
			productName = OTVModel;
			productReference = F6F2337E24A6BB05003566E3 /* OTVModel.app */;
			productType = "com.apple.product-type.application";
		};
		F6F2339324A6BB19003566E3 /* OTVModelTests */ = {
			isa = PBXNativeTarget;
			buildConfigurationList = F6F233AB24A6BB19003566E3 /* Build configuration list for PBXNativeTarget "OTVModelTests" */;
			buildPhases = (
				755A6DCB8177824EA49DD902 /* [CP] Check Pods Manifest.lock */,
				F6F2339024A6BB19003566E3 /* Sources */,
				F6F2339124A6BB19003566E3 /* Frameworks */,
				F6F2339224A6BB19003566E3 /* Resources */,
			);
			buildRules = (
			);
			dependencies = (
				F6F2339624A6BB19003566E3 /* PBXTargetDependency */,
			);
			name = OTVModelTests;
			productName = OTVModelTests;
			productReference = F6F2339424A6BB19003566E3 /* OTVModelTests.xctest */;
			productType = "com.apple.product-type.bundle.unit-test";
		};
		F6F2339E24A6BB19003566E3 /* OTVModelUITests */ = {
			isa = PBXNativeTarget;
			buildConfigurationList = F6F233AE24A6BB19003566E3 /* Build configuration list for PBXNativeTarget "OTVModelUITests" */;
			buildPhases = (
				0D49CC49723F1287E39FF030 /* [CP] Check Pods Manifest.lock */,
				F6F2339B24A6BB19003566E3 /* Sources */,
				F6F2339C24A6BB19003566E3 /* Frameworks */,
				F6F2339D24A6BB19003566E3 /* Resources */,
				D5FB03BD45618AE0B1A5F408 /* [CP] Embed Pods Frameworks */,
			);
			buildRules = (
			);
			dependencies = (
				F6F233A124A6BB19003566E3 /* PBXTargetDependency */,
			);
			name = OTVModelUITests;
			productName = OTVModelUITests;
			productReference = F6F2339F24A6BB19003566E3 /* OTVModelUITests.xctest */;
			productType = "com.apple.product-type.bundle.ui-testing";
		};
/* End PBXNativeTarget section */

/* Begin PBXProject section */
		F6F2337624A6BB05003566E3 /* Project object */ = {
			isa = PBXProject;
			attributes = {
				LastSwiftUpdateCheck = 1150;
				LastUpgradeCheck = 1150;
				ORGANIZATIONNAME = "Patrick Yoon";
				TargetAttributes = {
					F6F2337D24A6BB05003566E3 = {
						CreatedOnToolsVersion = 11.5;
					};
					F6F2339324A6BB19003566E3 = {
						CreatedOnToolsVersion = 11.5;
						TestTargetID = F6F2337D24A6BB05003566E3;
					};
					F6F2339E24A6BB19003566E3 = {
						CreatedOnToolsVersion = 11.5;
						TestTargetID = F6F2337D24A6BB05003566E3;
					};
				};
			};
			buildConfigurationList = F6F2337924A6BB05003566E3 /* Build configuration list for PBXProject "OTVModel" */;
			compatibilityVersion = "Xcode 9.3";
			developmentRegion = en;
			hasScannedForEncodings = 0;
			knownRegions = (
				en,
				Base,
			);
			mainGroup = F6F2337524A6BB05003566E3;
			productRefGroup = F6F2337F24A6BB05003566E3 /* Products */;
			projectDirPath = "";
			projectRoot = "";
			targets = (
				F6F2337D24A6BB05003566E3 /* OTVModel */,
				F6F2339324A6BB19003566E3 /* OTVModelTests */,
				F6F2339E24A6BB19003566E3 /* OTVModelUITests */,
			);
		};
/* End PBXProject section */

/* Begin PBXResourcesBuildPhase section */
		F6F2337C24A6BB05003566E3 /* Resources */ = {
			isa = PBXResourcesBuildPhase;
			buildActionMask = 2147483647;
			files = (
				F6F2338E24A6BB19003566E3 /* LaunchScreen.storyboard in Resources */,
				F6F233B224A6C4FE003566E3 /* GoogleService-Info.plist in Resources */,
				F6F2338B24A6BB19003566E3 /* Preview Assets.xcassets in Resources */,
				F6F2338824A6BB19003566E3 /* Assets.xcassets in Resources */,
			);
			runOnlyForDeploymentPostprocessing = 0;
		};
		F6F2339224A6BB19003566E3 /* Resources */ = {
			isa = PBXResourcesBuildPhase;
			buildActionMask = 2147483647;
			files = (
				F6F233B324A6C4FE003566E3 /* GoogleService-Info.plist in Resources */,
			);
			runOnlyForDeploymentPostprocessing = 0;
		};
		F6F2339D24A6BB19003566E3 /* Resources */ = {
			isa = PBXResourcesBuildPhase;
			buildActionMask = 2147483647;
			files = (
				F6F233B424A6C4FE003566E3 /* GoogleService-Info.plist in Resources */,
			);
			runOnlyForDeploymentPostprocessing = 0;
		};
/* End PBXResourcesBuildPhase section */

/* Begin PBXShellScriptBuildPhase section */
		01CDB705FABDD0D4052DCB22 /* [CP] Embed Pods Frameworks */ = {
			isa = PBXShellScriptBuildPhase;
			buildActionMask = 2147483647;
			files = (
			);
			inputFileListPaths = (
				"${PODS_ROOT}/Target Support Files/Pods-OTVModel/Pods-OTVModel-frameworks-${CONFIGURATION}-input-files.xcfilelist",
			);
			name = "[CP] Embed Pods Frameworks";
			outputFileListPaths = (
				"${PODS_ROOT}/Target Support Files/Pods-OTVModel/Pods-OTVModel-frameworks-${CONFIGURATION}-output-files.xcfilelist",
			);
			runOnlyForDeploymentPostprocessing = 0;
			shellPath = /bin/sh;
			shellScript = "\"${PODS_ROOT}/Target Support Files/Pods-OTVModel/Pods-OTVModel-frameworks.sh\"\n";
			showEnvVarsInLog = 0;
		};
		0D49CC49723F1287E39FF030 /* [CP] Check Pods Manifest.lock */ = {
			isa = PBXShellScriptBuildPhase;
			buildActionMask = 2147483647;
			files = (
			);
			inputFileListPaths = (
			);
			inputPaths = (
				"${PODS_PODFILE_DIR_PATH}/Podfile.lock",
				"${PODS_ROOT}/Manifest.lock",
			);
			name = "[CP] Check Pods Manifest.lock";
			outputFileListPaths = (
			);
			outputPaths = (
				"$(DERIVED_FILE_DIR)/Pods-OTVModel-OTVModelUITests-checkManifestLockResult.txt",
			);
			runOnlyForDeploymentPostprocessing = 0;
			shellPath = /bin/sh;
			shellScript = "diff \"${PODS_PODFILE_DIR_PATH}/Podfile.lock\" \"${PODS_ROOT}/Manifest.lock\" > /dev/null\nif [ $? != 0 ] ; then\n    # print error to STDERR\n    echo \"error: The sandbox is not in sync with the Podfile.lock. Run 'pod install' or update your CocoaPods installation.\" >&2\n    exit 1\nfi\n# This output is used by Xcode 'outputs' to avoid re-running this script phase.\necho \"SUCCESS\" > \"${SCRIPT_OUTPUT_FILE_0}\"\n";
			showEnvVarsInLog = 0;
		};
		755A6DCB8177824EA49DD902 /* [CP] Check Pods Manifest.lock */ = {
			isa = PBXShellScriptBuildPhase;
			buildActionMask = 2147483647;
			files = (
			);
			inputFileListPaths = (
			);
			inputPaths = (
				"${PODS_PODFILE_DIR_PATH}/Podfile.lock",
				"${PODS_ROOT}/Manifest.lock",
			);
			name = "[CP] Check Pods Manifest.lock";
			outputFileListPaths = (
			);
			outputPaths = (
				"$(DERIVED_FILE_DIR)/Pods-OTVModelTests-checkManifestLockResult.txt",
			);
			runOnlyForDeploymentPostprocessing = 0;
			shellPath = /bin/sh;
			shellScript = "diff \"${PODS_PODFILE_DIR_PATH}/Podfile.lock\" \"${PODS_ROOT}/Manifest.lock\" > /dev/null\nif [ $? != 0 ] ; then\n    # print error to STDERR\n    echo \"error: The sandbox is not in sync with the Podfile.lock. Run 'pod install' or update your CocoaPods installation.\" >&2\n    exit 1\nfi\n# This output is used by Xcode 'outputs' to avoid re-running this script phase.\necho \"SUCCESS\" > \"${SCRIPT_OUTPUT_FILE_0}\"\n";
			showEnvVarsInLog = 0;
		};
		7A15F22B69B0AB3EEFC7C3AE /* [CP] Check Pods Manifest.lock */ = {
			isa = PBXShellScriptBuildPhase;
			buildActionMask = 2147483647;
			files = (
			);
			inputFileListPaths = (
			);
			inputPaths = (
				"${PODS_PODFILE_DIR_PATH}/Podfile.lock",
				"${PODS_ROOT}/Manifest.lock",
			);
			name = "[CP] Check Pods Manifest.lock";
			outputFileListPaths = (
			);
			outputPaths = (
				"$(DERIVED_FILE_DIR)/Pods-OTVModel-checkManifestLockResult.txt",
			);
			runOnlyForDeploymentPostprocessing = 0;
			shellPath = /bin/sh;
			shellScript = "diff \"${PODS_PODFILE_DIR_PATH}/Podfile.lock\" \"${PODS_ROOT}/Manifest.lock\" > /dev/null\nif [ $? != 0 ] ; then\n    # print error to STDERR\n    echo \"error: The sandbox is not in sync with the Podfile.lock. Run 'pod install' or update your CocoaPods installation.\" >&2\n    exit 1\nfi\n# This output is used by Xcode 'outputs' to avoid re-running this script phase.\necho \"SUCCESS\" > \"${SCRIPT_OUTPUT_FILE_0}\"\n";
			showEnvVarsInLog = 0;
		};
		D5FB03BD45618AE0B1A5F408 /* [CP] Embed Pods Frameworks */ = {
			isa = PBXShellScriptBuildPhase;
			buildActionMask = 2147483647;
			files = (
			);
			inputFileListPaths = (
				"${PODS_ROOT}/Target Support Files/Pods-OTVModel-OTVModelUITests/Pods-OTVModel-OTVModelUITests-frameworks-${CONFIGURATION}-input-files.xcfilelist",
			);
			name = "[CP] Embed Pods Frameworks";
			outputFileListPaths = (
				"${PODS_ROOT}/Target Support Files/Pods-OTVModel-OTVModelUITests/Pods-OTVModel-OTVModelUITests-frameworks-${CONFIGURATION}-output-files.xcfilelist",
			);
			runOnlyForDeploymentPostprocessing = 0;
			shellPath = /bin/sh;
			shellScript = "\"${PODS_ROOT}/Target Support Files/Pods-OTVModel-OTVModelUITests/Pods-OTVModel-OTVModelUITests-frameworks.sh\"\n";
			showEnvVarsInLog = 0;
		};
/* End PBXShellScriptBuildPhase section */

/* Begin PBXSourcesBuildPhase section */
		F6F2337A24A6BB05003566E3 /* Sources */ = {
			isa = PBXSourcesBuildPhase;
			buildActionMask = 2147483647;
			files = (
				F60266E324B7DB3D00132BF2 /* TestTask.swift in Sources */,
				F66703F824D0AF8200D7E077 /* DatabaseRepository.swift in Sources */,
				F649BA9F24AFC61C00C3E1E9 /* Utility.swift in Sources */,
				F6F2338224A6BB05003566E3 /* AppDelegate.swift in Sources */,
				F6F233B624A6CAA8003566E3 /* YoutubeVideo.swift in Sources */,
				F6F2338424A6BB05003566E3 /* SceneDelegate.swift in Sources */,
				F6F2338624A6BB05003566E3 /* ContentView.swift in Sources */,
				F6F233BA24A6DE3C003566E3 /* Keys.swift in Sources */,
				F649BA9D24AFBD5C00C3E1E9 /* YoutubeChannel.swift in Sources */,
				F66B436324B5193B00593FCB /* Tweet.swift in Sources */,
				F6C8B7B424D36B4F00DC4FB5 /* DateUtility.swift in Sources */,
				F60266DF24B7DA8F00132BF2 /* TestRepository.swift in Sources */,
			);
			runOnlyForDeploymentPostprocessing = 0;
		};
		F6F2339024A6BB19003566E3 /* Sources */ = {
			isa = PBXSourcesBuildPhase;
			buildActionMask = 2147483647;
			files = (
				F60266E424B7DB3D00132BF2 /* TestTask.swift in Sources */,
				F6F2339924A6BB19003566E3 /* OTVModelTests.swift in Sources */,
				F669850524B2C89700B3A813 /* YoutubeChannelTest.swift in Sources */,
				F66703FE24D0C51400D7E077 /* Tweet.swift in Sources */,
				F66703FC24D0BDF200D7E077 /* DatabaseRepository.swift in Sources */,
				F6F233BE24A6F07D003566E3 /* YoutubeVideoTest.swift in Sources */,
				F6C6017424B02CEC001CE662 /* Utility.swift in Sources */,
				F66EEF6624BA9365005E92B4 /* Repository.swift in Sources */,
				F6F233BB24A6DE3C003566E3 /* Keys.swift in Sources */,
				F6F233B724A6CAA8003566E3 /* YoutubeVideo.swift in Sources */,
				F66703FA24D0BD9B00D7E077 /* DatabaseRepositoryTest.swift in Sources */,
				F6C6017324B029F2001CE662 /* UtilityTest.swift in Sources */,
				F6C6017824B02DED001CE662 /* YoutubeChannel.swift in Sources */,
				F60266E024B7DA8F00132BF2 /* TestRepository.swift in Sources */,
				F6C8B7B624D36BA800DC4FB5 /* DateUtility.swift in Sources */,
				F667040124D0DABC00D7E077 /* TweetTest.swift in Sources */,
			);
			runOnlyForDeploymentPostprocessing = 0;
		};
		F6F2339B24A6BB19003566E3 /* Sources */ = {
			isa = PBXSourcesBuildPhase;
			buildActionMask = 2147483647;
			files = (
				F6C8B7B724D36BA900DC4FB5 /* DateUtility.swift in Sources */,
				F66703FD24D0BDF300D7E077 /* DatabaseRepository.swift in Sources */,
				F6C6017524B02CEF001CE662 /* Utility.swift in Sources */,
				F6F233A424A6BB19003566E3 /* OTVModelUITests.swift in Sources */,
				F66703FF24D0C51500D7E077 /* Tweet.swift in Sources */,
				F6F233BC24A6DE3C003566E3 /* Keys.swift in Sources */,
				F6F233B824A6CAA8003566E3 /* YoutubeVideo.swift in Sources */,
				F6C6017924B02DEE001CE662 /* YoutubeChannel.swift in Sources */,
				F60266E124B7DA8F00132BF2 /* TestRepository.swift in Sources */,
				F60266E524B7DB3D00132BF2 /* TestTask.swift in Sources */,
			);
			runOnlyForDeploymentPostprocessing = 0;
		};
/* End PBXSourcesBuildPhase section */

/* Begin PBXTargetDependency section */
		F6F2339624A6BB19003566E3 /* PBXTargetDependency */ = {
			isa = PBXTargetDependency;
			target = F6F2337D24A6BB05003566E3 /* OTVModel */;
			targetProxy = F6F2339524A6BB19003566E3 /* PBXContainerItemProxy */;
		};
		F6F233A124A6BB19003566E3 /* PBXTargetDependency */ = {
			isa = PBXTargetDependency;
			target = F6F2337D24A6BB05003566E3 /* OTVModel */;
			targetProxy = F6F233A024A6BB19003566E3 /* PBXContainerItemProxy */;
		};
/* End PBXTargetDependency section */

/* Begin PBXVariantGroup section */
		F6F2338C24A6BB19003566E3 /* LaunchScreen.storyboard */ = {
			isa = PBXVariantGroup;
			children = (
				F6F2338D24A6BB19003566E3 /* Base */,
			);
			name = LaunchScreen.storyboard;
			sourceTree = "<group>";
		};
/* End PBXVariantGroup section */

/* Begin XCBuildConfiguration section */
		F6F233A624A6BB19003566E3 /* Debug */ = {
			isa = XCBuildConfiguration;
			buildSettings = {
				ALWAYS_SEARCH_USER_PATHS = NO;
				CLANG_ANALYZER_NONNULL = YES;
				CLANG_ANALYZER_NUMBER_OBJECT_CONVERSION = YES_AGGRESSIVE;
				CLANG_CXX_LANGUAGE_STANDARD = "gnu++14";
				CLANG_CXX_LIBRARY = "libc++";
				CLANG_ENABLE_MODULES = YES;
				CLANG_ENABLE_OBJC_ARC = YES;
				CLANG_ENABLE_OBJC_WEAK = YES;
				CLANG_WARN_BLOCK_CAPTURE_AUTORELEASING = YES;
				CLANG_WARN_BOOL_CONVERSION = YES;
				CLANG_WARN_COMMA = YES;
				CLANG_WARN_CONSTANT_CONVERSION = YES;
				CLANG_WARN_DEPRECATED_OBJC_IMPLEMENTATIONS = YES;
				CLANG_WARN_DIRECT_OBJC_ISA_USAGE = YES_ERROR;
				CLANG_WARN_DOCUMENTATION_COMMENTS = YES;
				CLANG_WARN_EMPTY_BODY = YES;
				CLANG_WARN_ENUM_CONVERSION = YES;
				CLANG_WARN_INFINITE_RECURSION = YES;
				CLANG_WARN_INT_CONVERSION = YES;
				CLANG_WARN_NON_LITERAL_NULL_CONVERSION = YES;
				CLANG_WARN_OBJC_IMPLICIT_RETAIN_SELF = YES;
				CLANG_WARN_OBJC_LITERAL_CONVERSION = YES;
				CLANG_WARN_OBJC_ROOT_CLASS = YES_ERROR;
				CLANG_WARN_RANGE_LOOP_ANALYSIS = YES;
				CLANG_WARN_STRICT_PROTOTYPES = YES;
				CLANG_WARN_SUSPICIOUS_MOVE = YES;
				CLANG_WARN_UNGUARDED_AVAILABILITY = YES_AGGRESSIVE;
				CLANG_WARN_UNREACHABLE_CODE = YES;
				CLANG_WARN__DUPLICATE_METHOD_MATCH = YES;
				COPY_PHASE_STRIP = NO;
				DEBUG_INFORMATION_FORMAT = dwarf;
				ENABLE_STRICT_OBJC_MSGSEND = YES;
				ENABLE_TESTABILITY = YES;
				GCC_C_LANGUAGE_STANDARD = gnu11;
				GCC_DYNAMIC_NO_PIC = NO;
				GCC_NO_COMMON_BLOCKS = YES;
				GCC_OPTIMIZATION_LEVEL = 0;
				GCC_PREPROCESSOR_DEFINITIONS = (
					"DEBUG=1",
					"$(inherited)",
				);
				GCC_WARN_64_TO_32_BIT_CONVERSION = YES;
				GCC_WARN_ABOUT_RETURN_TYPE = YES_ERROR;
				GCC_WARN_UNDECLARED_SELECTOR = YES;
				GCC_WARN_UNINITIALIZED_AUTOS = YES_AGGRESSIVE;
				GCC_WARN_UNUSED_FUNCTION = YES;
				GCC_WARN_UNUSED_VARIABLE = YES;
				IPHONEOS_DEPLOYMENT_TARGET = 13.5;
				MTL_ENABLE_DEBUG_INFO = INCLUDE_SOURCE;
				MTL_FAST_MATH = YES;
				ONLY_ACTIVE_ARCH = YES;
				SDKROOT = iphoneos;
				SWIFT_ACTIVE_COMPILATION_CONDITIONS = DEBUG;
				SWIFT_OPTIMIZATION_LEVEL = "-Onone";
			};
			name = Debug;
		};
		F6F233A724A6BB19003566E3 /* Release */ = {
			isa = XCBuildConfiguration;
			buildSettings = {
				ALWAYS_SEARCH_USER_PATHS = NO;
				CLANG_ANALYZER_NONNULL = YES;
				CLANG_ANALYZER_NUMBER_OBJECT_CONVERSION = YES_AGGRESSIVE;
				CLANG_CXX_LANGUAGE_STANDARD = "gnu++14";
				CLANG_CXX_LIBRARY = "libc++";
				CLANG_ENABLE_MODULES = YES;
				CLANG_ENABLE_OBJC_ARC = YES;
				CLANG_ENABLE_OBJC_WEAK = YES;
				CLANG_WARN_BLOCK_CAPTURE_AUTORELEASING = YES;
				CLANG_WARN_BOOL_CONVERSION = YES;
				CLANG_WARN_COMMA = YES;
				CLANG_WARN_CONSTANT_CONVERSION = YES;
				CLANG_WARN_DEPRECATED_OBJC_IMPLEMENTATIONS = YES;
				CLANG_WARN_DIRECT_OBJC_ISA_USAGE = YES_ERROR;
				CLANG_WARN_DOCUMENTATION_COMMENTS = YES;
				CLANG_WARN_EMPTY_BODY = YES;
				CLANG_WARN_ENUM_CONVERSION = YES;
				CLANG_WARN_INFINITE_RECURSION = YES;
				CLANG_WARN_INT_CONVERSION = YES;
				CLANG_WARN_NON_LITERAL_NULL_CONVERSION = YES;
				CLANG_WARN_OBJC_IMPLICIT_RETAIN_SELF = YES;
				CLANG_WARN_OBJC_LITERAL_CONVERSION = YES;
				CLANG_WARN_OBJC_ROOT_CLASS = YES_ERROR;
				CLANG_WARN_RANGE_LOOP_ANALYSIS = YES;
				CLANG_WARN_STRICT_PROTOTYPES = YES;
				CLANG_WARN_SUSPICIOUS_MOVE = YES;
				CLANG_WARN_UNGUARDED_AVAILABILITY = YES_AGGRESSIVE;
				CLANG_WARN_UNREACHABLE_CODE = YES;
				CLANG_WARN__DUPLICATE_METHOD_MATCH = YES;
				COPY_PHASE_STRIP = NO;
				DEBUG_INFORMATION_FORMAT = "dwarf-with-dsym";
				ENABLE_NS_ASSERTIONS = NO;
				ENABLE_STRICT_OBJC_MSGSEND = YES;
				GCC_C_LANGUAGE_STANDARD = gnu11;
				GCC_NO_COMMON_BLOCKS = YES;
				GCC_WARN_64_TO_32_BIT_CONVERSION = YES;
				GCC_WARN_ABOUT_RETURN_TYPE = YES_ERROR;
				GCC_WARN_UNDECLARED_SELECTOR = YES;
				GCC_WARN_UNINITIALIZED_AUTOS = YES_AGGRESSIVE;
				GCC_WARN_UNUSED_FUNCTION = YES;
				GCC_WARN_UNUSED_VARIABLE = YES;
				IPHONEOS_DEPLOYMENT_TARGET = 13.5;
				MTL_ENABLE_DEBUG_INFO = NO;
				MTL_FAST_MATH = YES;
				SDKROOT = iphoneos;
				SWIFT_COMPILATION_MODE = wholemodule;
				SWIFT_OPTIMIZATION_LEVEL = "-O";
				VALIDATE_PRODUCT = YES;
			};
			name = Release;
		};
		F6F233A924A6BB19003566E3 /* Debug */ = {
			isa = XCBuildConfiguration;
			baseConfigurationReference = 46AA953D8606059724B037A5 /* Pods-OTVModel.debug.xcconfig */;
			buildSettings = {
				ASSETCATALOG_COMPILER_APPICON_NAME = AppIcon;
				CODE_SIGN_STYLE = Automatic;
				DEVELOPMENT_ASSET_PATHS = "\"OTVModel/Preview Content\"";
				ENABLE_PREVIEWS = YES;
				INFOPLIST_FILE = OTVModel/Info.plist;
				LD_RUNPATH_SEARCH_PATHS = (
					"$(inherited)",
					"@executable_path/Frameworks",
				);
				PRODUCT_BUNDLE_IDENTIFIER = yoonpatrick3.OTVModel;
				PRODUCT_NAME = "$(TARGET_NAME)";
				SWIFT_VERSION = 5.0;
				TARGETED_DEVICE_FAMILY = "1,2";
			};
			name = Debug;
		};
		F6F233AA24A6BB19003566E3 /* Release */ = {
			isa = XCBuildConfiguration;
			baseConfigurationReference = 418CD5235612013AD081C5D4 /* Pods-OTVModel.release.xcconfig */;
			buildSettings = {
				ASSETCATALOG_COMPILER_APPICON_NAME = AppIcon;
				CODE_SIGN_STYLE = Automatic;
				DEVELOPMENT_ASSET_PATHS = "\"OTVModel/Preview Content\"";
				ENABLE_PREVIEWS = YES;
				INFOPLIST_FILE = OTVModel/Info.plist;
				LD_RUNPATH_SEARCH_PATHS = (
					"$(inherited)",
					"@executable_path/Frameworks",
				);
				PRODUCT_BUNDLE_IDENTIFIER = yoonpatrick3.OTVModel;
				PRODUCT_NAME = "$(TARGET_NAME)";
				SWIFT_VERSION = 5.0;
				TARGETED_DEVICE_FAMILY = "1,2";
			};
			name = Release;
		};
		F6F233AC24A6BB19003566E3 /* Debug */ = {
			isa = XCBuildConfiguration;
			baseConfigurationReference = 9525BDA06604F5D6D74F25A7 /* Pods-OTVModelTests.debug.xcconfig */;
			buildSettings = {
				ALWAYS_EMBED_SWIFT_STANDARD_LIBRARIES = YES;
				BUNDLE_LOADER = "$(TEST_HOST)";
				CODE_SIGN_STYLE = Automatic;
				INFOPLIST_FILE = OTVModelTests/Info.plist;
				IPHONEOS_DEPLOYMENT_TARGET = 13.5;
				LD_RUNPATH_SEARCH_PATHS = (
					"$(inherited)",
					"@executable_path/Frameworks",
					"@loader_path/Frameworks",
				);
				PRODUCT_BUNDLE_IDENTIFIER = yoonpatrick3.OTVModelTests;
				PRODUCT_NAME = "$(TARGET_NAME)";
				SWIFT_VERSION = 5.0;
				TARGETED_DEVICE_FAMILY = "1,2";
				TEST_HOST = "$(BUILT_PRODUCTS_DIR)/OTVModel.app/OTVModel";
			};
			name = Debug;
		};
		F6F233AD24A6BB19003566E3 /* Release */ = {
			isa = XCBuildConfiguration;
			baseConfigurationReference = 96587575ED3044BA1496CC1F /* Pods-OTVModelTests.release.xcconfig */;
			buildSettings = {
				ALWAYS_EMBED_SWIFT_STANDARD_LIBRARIES = YES;
				BUNDLE_LOADER = "$(TEST_HOST)";
				CODE_SIGN_STYLE = Automatic;
				INFOPLIST_FILE = OTVModelTests/Info.plist;
				IPHONEOS_DEPLOYMENT_TARGET = 13.5;
				LD_RUNPATH_SEARCH_PATHS = (
					"$(inherited)",
					"@executable_path/Frameworks",
					"@loader_path/Frameworks",
				);
				PRODUCT_BUNDLE_IDENTIFIER = yoonpatrick3.OTVModelTests;
				PRODUCT_NAME = "$(TARGET_NAME)";
				SWIFT_VERSION = 5.0;
				TARGETED_DEVICE_FAMILY = "1,2";
				TEST_HOST = "$(BUILT_PRODUCTS_DIR)/OTVModel.app/OTVModel";
			};
			name = Release;
		};
		F6F233AF24A6BB19003566E3 /* Debug */ = {
			isa = XCBuildConfiguration;
			baseConfigurationReference = 7599D058724FC048910FFB07 /* Pods-OTVModel-OTVModelUITests.debug.xcconfig */;
			buildSettings = {
				ALWAYS_EMBED_SWIFT_STANDARD_LIBRARIES = YES;
				CODE_SIGN_STYLE = Automatic;
				INFOPLIST_FILE = OTVModelUITests/Info.plist;
				LD_RUNPATH_SEARCH_PATHS = (
					"$(inherited)",
					"@executable_path/Frameworks",
					"@loader_path/Frameworks",
				);
				PRODUCT_BUNDLE_IDENTIFIER = yoonpatrick3.OTVModelUITests;
				PRODUCT_NAME = "$(TARGET_NAME)";
				SWIFT_VERSION = 5.0;
				TARGETED_DEVICE_FAMILY = "1,2";
				TEST_TARGET_NAME = OTVModel;
			};
			name = Debug;
		};
		F6F233B024A6BB19003566E3 /* Release */ = {
			isa = XCBuildConfiguration;
			baseConfigurationReference = 33C67681D3A7F9320F8A3DA1 /* Pods-OTVModel-OTVModelUITests.release.xcconfig */;
			buildSettings = {
				ALWAYS_EMBED_SWIFT_STANDARD_LIBRARIES = YES;
				CODE_SIGN_STYLE = Automatic;
				INFOPLIST_FILE = OTVModelUITests/Info.plist;
				LD_RUNPATH_SEARCH_PATHS = (
					"$(inherited)",
					"@executable_path/Frameworks",
					"@loader_path/Frameworks",
				);
				PRODUCT_BUNDLE_IDENTIFIER = yoonpatrick3.OTVModelUITests;
				PRODUCT_NAME = "$(TARGET_NAME)";
				SWIFT_VERSION = 5.0;
				TARGETED_DEVICE_FAMILY = "1,2";
				TEST_TARGET_NAME = OTVModel;
			};
			name = Release;
		};
/* End XCBuildConfiguration section */

/* Begin XCConfigurationList section */
		F6F2337924A6BB05003566E3 /* Build configuration list for PBXProject "OTVModel" */ = {
			isa = XCConfigurationList;
			buildConfigurations = (
				F6F233A624A6BB19003566E3 /* Debug */,
				F6F233A724A6BB19003566E3 /* Release */,
			);
			defaultConfigurationIsVisible = 0;
			defaultConfigurationName = Release;
		};
		F6F233A824A6BB19003566E3 /* Build configuration list for PBXNativeTarget "OTVModel" */ = {
			isa = XCConfigurationList;
			buildConfigurations = (
				F6F233A924A6BB19003566E3 /* Debug */,
				F6F233AA24A6BB19003566E3 /* Release */,
			);
			defaultConfigurationIsVisible = 0;
			defaultConfigurationName = Release;
		};
		F6F233AB24A6BB19003566E3 /* Build configuration list for PBXNativeTarget "OTVModelTests" */ = {
			isa = XCConfigurationList;
			buildConfigurations = (
				F6F233AC24A6BB19003566E3 /* Debug */,
				F6F233AD24A6BB19003566E3 /* Release */,
			);
			defaultConfigurationIsVisible = 0;
			defaultConfigurationName = Release;
		};
		F6F233AE24A6BB19003566E3 /* Build configuration list for PBXNativeTarget "OTVModelUITests" */ = {
			isa = XCConfigurationList;
			buildConfigurations = (
				F6F233AF24A6BB19003566E3 /* Debug */,
				F6F233B024A6BB19003566E3 /* Release */,
			);
			defaultConfigurationIsVisible = 0;
			defaultConfigurationName = Release;
		};
/* End XCConfigurationList section */
	};
	rootObject = F6F2337624A6BB05003566E3 /* Project object */;
}
